
Microsoft Visual Studio Solution File, Format Version 12.00
# Visual Studio Version 16
VisualStudioVersion = 16.0.30621.155
MinimumVisualStudioVersion = 10.0.40219.1
Project("{FAE04EC0-301F-11D3-BF4B-00C04F79EFBC}") = "Kantor_WebAPI", "Kantor_WebAPI\Kantor_WebAPI.csproj", "{88AEBB7A-5F69-4C32-B7EB-64BB6A9D71CC}"
EndProject
Global
	GlobalSection(SolutionConfigurationPlatforms) = preSolution
		Debug|Any CPU = Debug|Any CPU
		Release|Any CPU = Release|Any CPU
	EndGlobalSection
	GlobalSection(ProjectConfigurationPlatforms) = postSolution
		{88AEBB7A-5F69-4C32-B7EB-64BB6A9D71CC}.Debug|Any CPU.ActiveCfg = Debug|Any CPU
		{88AEBB7A-5F69-4C32-B7EB-64BB6A9D71CC}.Debug|Any CPU.Build.0 = Debug|Any CPU
		{88AEBB7A-5F69-4C32-B7EB-64BB6A9D71CC}.Release|Any CPU.ActiveCfg = Release|Any CPU
		{88AEBB7A-5F69-4C32-B7EB-64BB6A9D71CC}.Release|Any CPU.Build.0 = Release|Any CPU
	EndGlobalSection
	GlobalSection(SolutionProperties) = preSolution
		HideSolutionNode = FALSE
	EndGlobalSection
	GlobalSection(ExtensibilityGlobals) = postSolution
		SolutionGuid = {A94C7445-8B86-49AD-B57F-FC0F8B4ADE48}
	EndGlobalSection
EndGlobal
