
Microsoft Visual Studio Solution File, Format Version 12.00
# Visual Studio Version 16
VisualStudioVersion = 16.0.31729.503
MinimumVisualStudioVersion = 10.0.40219.1
Project("{FAE04EC0-301F-11D3-BF4B-00C04F79EFBC}") = "final-project-1", "final-project-1\final-project-1.csproj", "{F774F6CD-4F46-4A7F-856A-E16F05DAFAF4}"
EndProject
Global
	GlobalSection(SolutionConfigurationPlatforms) = preSolution
		Debug|Any CPU = Debug|Any CPU
		Release|Any CPU = Release|Any CPU
	EndGlobalSection
	GlobalSection(ProjectConfigurationPlatforms) = postSolution
		{F774F6CD-4F46-4A7F-856A-E16F05DAFAF4}.Debug|Any CPU.ActiveCfg = Debug|Any CPU
		{F774F6CD-4F46-4A7F-856A-E16F05DAFAF4}.Debug|Any CPU.Build.0 = Debug|Any CPU
		{F774F6CD-4F46-4A7F-856A-E16F05DAFAF4}.Release|Any CPU.ActiveCfg = Release|Any CPU
		{F774F6CD-4F46-4A7F-856A-E16F05DAFAF4}.Release|Any CPU.Build.0 = Release|Any CPU
	EndGlobalSection
	GlobalSection(SolutionProperties) = preSolution
		HideSolutionNode = FALSE
	EndGlobalSection
	GlobalSection(ExtensibilityGlobals) = postSolution
		SolutionGuid = {9C713096-F3A1-462F-B893-CC94BB2EE36C}
	EndGlobalSection
EndGlobal
